Microsoft Visual Studio Solution File, Format Version 12.00
# Visual Studio 2012
Project("{FAE04EC0-301F-11D3-BF4B-00C04F79EFBC}") = "3D World Generation", "3D World Generation.csproj", "{5555705D-0E6B-4CFA-BEF7-958B88D51EFC}"
EndProject
Global
	GlobalSection(SolutionConfigurationPlatforms) = preSolution
	Debug|Any CPU = Debug|Any CPU
	ExportDebug|Any CPU = ExportDebug|Any CPU
	ExportRelease|Any CPU = ExportRelease|Any CPU
	EndGlobalSection
	GlobalSection(ProjectConfigurationPlatforms) = postSolution
		{5555705D-0E6B-4CFA-BEF7-958B88D51EFC}.Debug|Any CPU.ActiveCfg = Debug|Any CPU
		{5555705D-0E6B-4CFA-BEF7-958B88D51EFC}.Debug|Any CPU.Build.0 = Debug|Any CPU
		{5555705D-0E6B-4CFA-BEF7-958B88D51EFC}.ExportDebug|Any CPU.ActiveCfg = ExportDebug|Any CPU
		{5555705D-0E6B-4CFA-BEF7-958B88D51EFC}.ExportDebug|Any CPU.Build.0 = ExportDebug|Any CPU
		{5555705D-0E6B-4CFA-BEF7-958B88D51EFC}.ExportRelease|Any CPU.ActiveCfg = ExportRelease|Any CPU
		{5555705D-0E6B-4CFA-BEF7-958B88D51EFC}.ExportRelease|Any CPU.Build.0 = ExportRelease|Any CPU
	EndGlobalSection
EndGlobal
